
Microsoft Visual Studio Solution File, Format Version 12.00
# Visual Studio Version 16
VisualStudioVersion = 16.0.30907.101
MinimumVisualStudioVersion = 10.0.40219.1
Project("{FAE04EC0-301F-11D3-BF4B-00C04F79EFBC}") = "lr5", "lr5\lr5.csproj", "{DEE2324E-21F6-48F8-8242-ECA9CD10FD64}"
EndProject
Global
	GlobalSection(SolutionConfigurationPlatforms) = preSolution
		Debug|Any CPU = Debug|Any CPU
		Release|Any CPU = Release|Any CPU
	EndGlobalSection
	GlobalSection(ProjectConfigurationPlatforms) = postSolution
		{DEE2324E-21F6-48F8-8242-ECA9CD10FD64}.Debug|Any CPU.ActiveCfg = Debug|Any CPU
		{DEE2324E-21F6-48F8-8242-ECA9CD10FD64}.Debug|Any CPU.Build.0 = Debug|Any CPU
		{DEE2324E-21F6-48F8-8242-ECA9CD10FD64}.Release|Any CPU.ActiveCfg = Release|Any CPU
		{DEE2324E-21F6-48F8-8242-ECA9CD10FD64}.Release|Any CPU.Build.0 = Release|Any CPU
	EndGlobalSection
	GlobalSection(SolutionProperties) = preSolution
		HideSolutionNode = FALSE
	EndGlobalSection
	GlobalSection(ExtensibilityGlobals) = postSolution
		SolutionGuid = {032A0F9D-3937-45BE-9F53-25288A24492C}
	EndGlobalSection
EndGlobal
